
Microsoft Visual Studio Solution File, Format Version 12.00
# Visual Studio Version 17
VisualStudioVersion = 17.3.32825.248
MinimumVisualStudioVersion = 10.0.40219.1
Project("{9A19103F-16F7-4668-BE54-9A1E7A4F7556}") = "DataAccess", "DataAccess\DataAccess.csproj", "{91E97416-FEB4-4C14-91D9-37CE35102AE5}"
EndProject
Project("{9A19103F-16F7-4668-BE54-9A1E7A4F7556}") = "Business", "Business\Business.csproj", "{9B052890-E607-4EDD-856E-1C1C3A2C18DC}"
EndProject
Project("{9A19103F-16F7-4668-BE54-9A1E7A4F7556}") = "Entities", "Entities\Entities.csproj", "{491FA6DF-7E41-431A-B403-9F0301295470}"
EndProject
Project("{9A19103F-16F7-4668-BE54-9A1E7A4F7556}") = "ConsoleUI", "ConsoleUI\ConsoleUI.csproj", "{8220492C-5FDB-4C42-AF7E-9D8FF8A9F7C1}"
EndProject
Project("{9A19103F-16F7-4668-BE54-9A1E7A4F7556}") = "Core", "Core\Core.csproj", "{1E3471B2-1F12-4BD8-ABE5-43A3AF457335}"
EndProject
Project("{FAE04EC0-301F-11D3-BF4B-00C04F79EFBC}") = "WebAPI", "WebAPI\WebAPI.csproj", "{65C1CA43-DD75-4464-8A4F-A126EA3388B9}"
EndProject
Global
	GlobalSection(SolutionConfigurationPlatforms) = preSolution
		Debug|Any CPU = Debug|Any CPU
		Release|Any CPU = Release|Any CPU
	EndGlobalSection
	GlobalSection(ProjectConfigurationPlatforms) = postSolution
		{91E97416-FEB4-4C14-91D9-37CE35102AE5}.Debug|Any CPU.ActiveCfg = Debug|Any CPU
		{91E97416-FEB4-4C14-91D9-37CE35102AE5}.Debug|Any CPU.Build.0 = Debug|Any CPU
		{91E97416-FEB4-4C14-91D9-37CE35102AE5}.Release|Any CPU.ActiveCfg = Release|Any CPU
		{91E97416-FEB4-4C14-91D9-37CE35102AE5}.Release|Any CPU.Build.0 = Release|Any CPU
		{9B052890-E607-4EDD-856E-1C1C3A2C18DC}.Debug|Any CPU.ActiveCfg = Debug|Any CPU
		{9B052890-E607-4EDD-856E-1C1C3A2C18DC}.Debug|Any CPU.Build.0 = Debug|Any CPU
		{9B052890-E607-4EDD-856E-1C1C3A2C18DC}.Release|Any CPU.ActiveCfg = Release|Any CPU
		{9B052890-E607-4EDD-856E-1C1C3A2C18DC}.Release|Any CPU.Build.0 = Release|Any CPU
		{491FA6DF-7E41-431A-B403-9F0301295470}.Debug|Any CPU.ActiveCfg = Debug|Any CPU
		{491FA6DF-7E41-431A-B403-9F0301295470}.Debug|Any CPU.Build.0 = Debug|Any CPU
		{491FA6DF-7E41-431A-B403-9F0301295470}.Release|Any CPU.ActiveCfg = Release|Any CPU
		{491FA6DF-7E41-431A-B403-9F0301295470}.Release|Any CPU.Build.0 = Release|Any CPU
		{8220492C-5FDB-4C42-AF7E-9D8FF8A9F7C1}.Debug|Any CPU.ActiveCfg = Debug|Any CPU
		{8220492C-5FDB-4C42-AF7E-9D8FF8A9F7C1}.Debug|Any CPU.Build.0 = Debug|Any CPU
		{8220492C-5FDB-4C42-AF7E-9D8FF8A9F7C1}.Release|Any CPU.ActiveCfg = Release|Any CPU
		{8220492C-5FDB-4C42-AF7E-9D8FF8A9F7C1}.Release|Any CPU.Build.0 = Release|Any CPU
		{1E3471B2-1F12-4BD8-ABE5-43A3AF457335}.Debug|Any CPU.ActiveCfg = Debug|Any CPU
		{1E3471B2-1F12-4BD8-ABE5-43A3AF457335}.Debug|Any CPU.Build.0 = Debug|Any CPU
		{1E3471B2-1F12-4BD8-ABE5-43A3AF457335}.Release|Any CPU.ActiveCfg = Release|Any CPU
		{1E3471B2-1F12-4BD8-ABE5-43A3AF457335}.Release|Any CPU.Build.0 = Release|Any CPU
		{65C1CA43-DD75-4464-8A4F-A126EA3388B9}.Debug|Any CPU.ActiveCfg = Debug|Any CPU
		{65C1CA43-DD75-4464-8A4F-A126EA3388B9}.Debug|Any CPU.Build.0 = Debug|Any CPU
		{65C1CA43-DD75-4464-8A4F-A126EA3388B9}.Release|Any CPU.ActiveCfg = Release|Any CPU
		{65C1CA43-DD75-4464-8A4F-A126EA3388B9}.Release|Any CPU.Build.0 = Release|Any CPU
	EndGlobalSection
	GlobalSection(SolutionProperties) = preSolution
		HideSolutionNode = FALSE
	EndGlobalSection
	GlobalSection(ExtensibilityGlobals) = postSolution
		SolutionGuid = {10AFF987-5569-401F-8ECB-AEAB3359C7B9}
	EndGlobalSection
EndGlobal
